
Microsoft Visual Studio Solution File, Format Version 12.00
# Visual Studio Version 16
VisualStudioVersion = 16.0.29306.81
MinimumVisualStudioVersion = 10.0.40219.1
Project("{9092AA53-FB77-4645-B42D-1CCCA6BD08BD}") = "DenzelsWebsite", "DenzelsWebsite\DenzelsWebsite.njsproj", "{66A85C7E-3858-4593-83BA-7B11C0DDB5F2}"
EndProject
Global
	GlobalSection(SolutionConfigurationPlatforms) = preSolution
		Debug|Any CPU = Debug|Any CPU
		Release|Any CPU = Release|Any CPU
	EndGlobalSection
	GlobalSection(ProjectConfigurationPlatforms) = postSolution
		{66A85C7E-3858-4593-83BA-7B11C0DDB5F2}.Debug|Any CPU.ActiveCfg = Debug|Any CPU
		{66A85C7E-3858-4593-83BA-7B11C0DDB5F2}.Debug|Any CPU.Build.0 = Debug|Any CPU
		{66A85C7E-3858-4593-83BA-7B11C0DDB5F2}.Release|Any CPU.ActiveCfg = Release|Any CPU
		{66A85C7E-3858-4593-83BA-7B11C0DDB5F2}.Release|Any CPU.Build.0 = Release|Any CPU
	EndGlobalSection
	GlobalSection(SolutionProperties) = preSolution
		HideSolutionNode = FALSE
	EndGlobalSection
	GlobalSection(ExtensibilityGlobals) = postSolution
		SolutionGuid = {8BD6AD1B-6E1C-4F9C-99BB-FB023C0C943F}
	EndGlobalSection
EndGlobal
